
Microsoft Visual Studio Solution File, Format Version 12.00
# Visual Studio Version 16
VisualStudioVersion = 16.0.29519.181
MinimumVisualStudioVersion = 10.0.40219.1
Project("{FAE04EC0-301F-11D3-BF4B-00C04F79EFBC}") = "MKAracKira", "MKAracKira\MKAracKira.csproj", "{6B807C5E-9BD0-443D-87D3-5BB3E4D805FB}"
EndProject
Project("{FAE04EC0-301F-11D3-BF4B-00C04F79EFBC}") = "DataAccessLayer", "DataAccessLayer\DataAccessLayer.csproj", "{080B61D8-8580-43FC-A283-C2F4085D28D0}"
EndProject
Project("{FAE04EC0-301F-11D3-BF4B-00C04F79EFBC}") = "BusinessLayer", "BusinessLayer\BusinessLayer.csproj", "{C2104136-5FC3-42B7-BFAF-B69ABA056CFE}"
EndProject
Project("{FAE04EC0-301F-11D3-BF4B-00C04F79EFBC}") = "Entities", "Entities\Entities.csproj", "{F79C3CCA-1BA0-4302-973A-A3AAA6E3098B}"
EndProject
Project("{FAE04EC0-301F-11D3-BF4B-00C04F79EFBC}") = "Common", "Common\Common.csproj", "{97461AEF-B743-498B-94E3-9B067246D035}"
EndProject
Global
	GlobalSection(SolutionConfigurationPlatforms) = preSolution
		Debug|Any CPU = Debug|Any CPU
		Release|Any CPU = Release|Any CPU
	EndGlobalSection
	GlobalSection(ProjectConfigurationPlatforms) = postSolution
		{6B807C5E-9BD0-443D-87D3-5BB3E4D805FB}.Debug|Any CPU.ActiveCfg = Debug|Any CPU
		{6B807C5E-9BD0-443D-87D3-5BB3E4D805FB}.Debug|Any CPU.Build.0 = Debug|Any CPU
		{6B807C5E-9BD0-443D-87D3-5BB3E4D805FB}.Release|Any CPU.ActiveCfg = Release|Any CPU
		{6B807C5E-9BD0-443D-87D3-5BB3E4D805FB}.Release|Any CPU.Build.0 = Release|Any CPU
		{080B61D8-8580-43FC-A283-C2F4085D28D0}.Debug|Any CPU.ActiveCfg = Debug|Any CPU
		{080B61D8-8580-43FC-A283-C2F4085D28D0}.Debug|Any CPU.Build.0 = Debug|Any CPU
		{080B61D8-8580-43FC-A283-C2F4085D28D0}.Release|Any CPU.ActiveCfg = Release|Any CPU
		{080B61D8-8580-43FC-A283-C2F4085D28D0}.Release|Any CPU.Build.0 = Release|Any CPU
		{C2104136-5FC3-42B7-BFAF-B69ABA056CFE}.Debug|Any CPU.ActiveCfg = Debug|Any CPU
		{C2104136-5FC3-42B7-BFAF-B69ABA056CFE}.Debug|Any CPU.Build.0 = Debug|Any CPU
		{C2104136-5FC3-42B7-BFAF-B69ABA056CFE}.Release|Any CPU.ActiveCfg = Release|Any CPU
		{C2104136-5FC3-42B7-BFAF-B69ABA056CFE}.Release|Any CPU.Build.0 = Release|Any CPU
		{F79C3CCA-1BA0-4302-973A-A3AAA6E3098B}.Debug|Any CPU.ActiveCfg = Debug|Any CPU
		{F79C3CCA-1BA0-4302-973A-A3AAA6E3098B}.Debug|Any CPU.Build.0 = Debug|Any CPU
		{F79C3CCA-1BA0-4302-973A-A3AAA6E3098B}.Release|Any CPU.ActiveCfg = Release|Any CPU
		{F79C3CCA-1BA0-4302-973A-A3AAA6E3098B}.Release|Any CPU.Build.0 = Release|Any CPU
		{97461AEF-B743-498B-94E3-9B067246D035}.Debug|Any CPU.ActiveCfg = Debug|Any CPU
		{97461AEF-B743-498B-94E3-9B067246D035}.Debug|Any CPU.Build.0 = Debug|Any CPU
		{97461AEF-B743-498B-94E3-9B067246D035}.Release|Any CPU.ActiveCfg = Release|Any CPU
		{97461AEF-B743-498B-94E3-9B067246D035}.Release|Any CPU.Build.0 = Release|Any CPU
	EndGlobalSection
	GlobalSection(SolutionProperties) = preSolution
		HideSolutionNode = FALSE
	EndGlobalSection
	GlobalSection(ExtensibilityGlobals) = postSolution
		SolutionGuid = {8D0DABFA-84AE-4ED8-8AD6-B4988C883121}
	EndGlobalSection
EndGlobal
